
Microsoft Visual Studio Solution File, Format Version 12.00
# Visual Studio Version 16
VisualStudioVersion = 16.0.30104.148
MinimumVisualStudioVersion = 10.0.40219.1
Project("{8BC9CEB8-8B4A-11D0-8D11-00A0C91BC942}") = "Raytracer", "Raytracer\Raytracer.vcxproj", "{23655D87-CA14-4A29-8E21-C177890A29B0}"
EndProject
Global
	GlobalSection(SolutionConfigurationPlatforms) = preSolution
		Debug|x64 = Debug|x64
		Debug|x86 = Debug|x86
		Release|x64 = Release|x64
		Release|x86 = Release|x86
	EndGlobalSection
	GlobalSection(ProjectConfigurationPlatforms) = postSolution
		{23655D87-CA14-4A29-8E21-C177890A29B0}.Debug|x64.ActiveCfg = Debug|x64
		{23655D87-CA14-4A29-8E21-C177890A29B0}.Debug|x64.Build.0 = Debug|x64
		{23655D87-CA14-4A29-8E21-C177890A29B0}.Debug|x86.ActiveCfg = Debug|Win32
		{23655D87-CA14-4A29-8E21-C177890A29B0}.Debug|x86.Build.0 = Debug|Win32
		{23655D87-CA14-4A29-8E21-C177890A29B0}.Release|x64.ActiveCfg = Release|x64
		{23655D87-CA14-4A29-8E21-C177890A29B0}.Release|x64.Build.0 = Release|x64
		{23655D87-CA14-4A29-8E21-C177890A29B0}.Release|x86.ActiveCfg = Release|Win32
		{23655D87-CA14-4A29-8E21-C177890A29B0}.Release|x86.Build.0 = Release|Win32
	EndGlobalSection
	GlobalSection(SolutionProperties) = preSolution
		HideSolutionNode = FALSE
	EndGlobalSection
	GlobalSection(ExtensibilityGlobals) = postSolution
		SolutionGuid = {1DA2F5EE-383F-407E-9C51-18D7B81D5646}
	EndGlobalSection
EndGlobal
